// !$*UTF8*$!
{
	archiveVersion = 1;
	classes = {
	};
	objectVersion = 56;
	objects = {

/* Begin PBXBuildFile section */
		1D2F5CC329C4983700FD01B7 /* NewsTableViewCell.swift in Sources */ = {isa = PBXBuildFile; fileRef = 1D2F5CC129C4983700FD01B7 /* NewsTableViewCell.swift */; };
		1D2F5CC429C4983700FD01B7 /* NewsTableViewCell.xib in Resources */ = {isa = PBXBuildFile; fileRef = 1D2F5CC229C4983700FD01B7 /* NewsTableViewCell.xib */; };
		1D2F5CC629C4997100FD01B7 /* LoadingTableViewCell.xib in Resources */ = {isa = PBXBuildFile; fileRef = 1D2F5CC529C4997100FD01B7 /* LoadingTableViewCell.xib */; };
		1D2F5CC929C4A7CD00FD01B7 /* LoginViewController.swift in Sources */ = {isa = PBXBuildFile; fileRef = 1D2F5CC829C4A7CD00FD01B7 /* LoginViewController.swift */; };
		1D2F5CCB29C4D85D00FD01B7 /* UserLoginService.swift in Sources */ = {isa = PBXBuildFile; fileRef = 1D2F5CCA29C4D85D00FD01B7 /* UserLoginService.swift */; };
		1D2F5CCD29C4EFE400FD01B7 /* LoginViewModel.swift in Sources */ = {isa = PBXBuildFile; fileRef = 1D2F5CCC29C4EFE400FD01B7 /* LoginViewModel.swift */; };
		1D2F5CCF29C51C0700FD01B7 /* ProfileViewModel.swift in Sources */ = {isa = PBXBuildFile; fileRef = 1D2F5CCE29C51C0700FD01B7 /* ProfileViewModel.swift */; };
		1D755C2429C4828E00ED930C /* AppDelegate.swift in Sources */ = {isa = PBXBuildFile; fileRef = 1D755C2329C4828E00ED930C /* AppDelegate.swift */; };
		1D755C2629C4828E00ED930C /* SceneDelegate.swift in Sources */ = {isa = PBXBuildFile; fileRef = 1D755C2529C4828E00ED930C /* SceneDelegate.swift */; };
		1D755C2829C4828E00ED930C /* ProfileViewController.swift in Sources */ = {isa = PBXBuildFile; fileRef = 1D755C2729C4828E00ED930C /* ProfileViewController.swift */; };
		1D755C2B29C4828E00ED930C /* NewsStoryboard.storyboard in Resources */ = {isa = PBXBuildFile; fileRef = 1D755C2929C4828E00ED930C /* NewsStoryboard.storyboard */; };
		1D755C2D29C4829000ED930C /* Assets.xcassets in Resources */ = {isa = PBXBuildFile; fileRef = 1D755C2C29C4829000ED930C /* Assets.xcassets */; };
		1D755C3029C4829000ED930C /* LaunchScreen.storyboard in Resources */ = {isa = PBXBuildFile; fileRef = 1D755C2E29C4829000ED930C /* LaunchScreen.storyboard */; };
		1D755C3D29C485D100ED930C /* ArticlesNetworkService.swift in Sources */ = {isa = PBXBuildFile; fileRef = 1D755C3C29C485D100ED930C /* ArticlesNetworkService.swift */; };
		1D755C3F29C4881900ED930C /* ArticleRequestResponse.swift in Sources */ = {isa = PBXBuildFile; fileRef = 1D755C3E29C4881900ED930C /* ArticleRequestResponse.swift */; };
		1D755C4229C4885600ED930C /* NewsModel.swift in Sources */ = {isa = PBXBuildFile; fileRef = 1D755C4129C4885600ED930C /* NewsModel.swift */; };
		1D755C4529C48A8600ED930C /* UIBuilderRootViewController.swift in Sources */ = {isa = PBXBuildFile; fileRef = 1D755C4429C48A8600ED930C /* UIBuilderRootViewController.swift */; };
		1D755C4729C48CDF00ED930C /* NewsTableViewController.swift in Sources */ = {isa = PBXBuildFile; fileRef = 1D755C4629C48CDF00ED930C /* NewsTableViewController.swift */; };
		1D755C4929C48D7100ED930C /* NewsViewModel.swift in Sources */ = {isa = PBXBuildFile; fileRef = 1D755C4829C48D7100ED930C /* NewsViewModel.swift */; };
		1D755C4E29C4918500ED930C /* ProfileStoryboard.storyboard in Resources */ = {isa = PBXBuildFile; fileRef = 1D755C4D29C4918500ED930C /* ProfileStoryboard.storyboard */; };
		ED7B7CD93AD551E231079DF5 /* Pods_LogInApp.framework in Frameworks */ = {isa = PBXBuildFile; fileRef = EFA35DC4225F703F27D93ABF /* Pods_LogInApp.framework */; };
/* End PBXBuildFile section */

/* Begin PBXFileReference section */
		1D2F5CC129C4983700FD01B7 /* NewsTableViewCell.swift */ = {isa = PBXFileReference; lastKnownFileType = sourcecode.swift; path = NewsTableViewCell.swift; sourceTree = "<group>"; };
		1D2F5CC229C4983700FD01B7 /* NewsTableViewCell.xib */ = {isa = PBXFileReference; lastKnownFileType = file.xib; path = NewsTableViewCell.xib; sourceTree = "<group>"; };
		1D2F5CC529C4997100FD01B7 /* LoadingTableViewCell.xib */ = {isa = PBXFileReference; lastKnownFileType = file.xib; path = LoadingTableViewCell.xib; sourceTree = "<group>"; };
		1D2F5CC829C4A7CD00FD01B7 /* LoginViewController.swift */ = {isa = PBXFileReference; lastKnownFileType = sourcecode.swift; path = LoginViewController.swift; sourceTree = "<group>"; };
		1D2F5CCA29C4D85D00FD01B7 /* UserLoginService.swift */ = {isa = PBXFileReference; lastKnownFileType = sourcecode.swift; path = UserLoginService.swift; sourceTree = "<group>"; };
		1D2F5CCC29C4EFE400FD01B7 /* LoginViewModel.swift */ = {isa = PBXFileReference; lastKnownFileType = sourcecode.swift; path = LoginViewModel.swift; sourceTree = "<group>"; };
		1D2F5CCE29C51C0700FD01B7 /* ProfileViewModel.swift */ = {isa = PBXFileReference; lastKnownFileType = sourcecode.swift; path = ProfileViewModel.swift; sourceTree = "<group>"; };
		1D755C2029C4828E00ED930C /* LogInApp.app */ = {isa = PBXFileReference; explicitFileType = wrapper.application; includeInIndex = 0; path = LogInApp.app; sourceTree = BUILT_PRODUCTS_DIR; };
		1D755C2329C4828E00ED930C /* AppDelegate.swift */ = {isa = PBXFileReference; lastKnownFileType = sourcecode.swift; path = AppDelegate.swift; sourceTree = "<group>"; };
		1D755C2529C4828E00ED930C /* SceneDelegate.swift */ = {isa = PBXFileReference; lastKnownFileType = sourcecode.swift; path = SceneDelegate.swift; sourceTree = "<group>"; };
		1D755C2729C4828E00ED930C /* ProfileViewController.swift */ = {isa = PBXFileReference; lastKnownFileType = sourcecode.swift; path = ProfileViewController.swift; sourceTree = "<group>"; };
		1D755C2A29C4828E00ED930C /* Base */ = {isa = PBXFileReference; lastKnownFileType = file.storyboard; name = Base; path = Base.lproj/NewsStoryboard.storyboard; sourceTree = "<group>"; };
		1D755C2C29C4829000ED930C /* Assets.xcassets */ = {isa = PBXFileReference; lastKnownFileType = folder.assetcatalog; path = Assets.xcassets; sourceTree = "<group>"; };
		1D755C2F29C4829000ED930C /* Base */ = {isa = PBXFileReference; lastKnownFileType = file.storyboard; name = Base; path = Base.lproj/LaunchScreen.storyboard; sourceTree = "<group>"; };
		1D755C3129C4829000ED930C /* Info.plist */ = {isa = PBXFileReference; lastKnownFileType = text.plist.xml; path = Info.plist; sourceTree = "<group>"; };
		1D755C3C29C485D100ED930C /* ArticlesNetworkService.swift */ = {isa = PBXFileReference; lastKnownFileType = sourcecode.swift; path = ArticlesNetworkService.swift; sourceTree = "<group>"; };
		1D755C3E29C4881900ED930C /* ArticleRequestResponse.swift */ = {isa = PBXFileReference; lastKnownFileType = sourcecode.swift; path = ArticleRequestResponse.swift; sourceTree = "<group>"; };
		1D755C4129C4885600ED930C /* NewsModel.swift */ = {isa = PBXFileReference; lastKnownFileType = sourcecode.swift; path = NewsModel.swift; sourceTree = "<group>"; };
		1D755C4429C48A8600ED930C /* UIBuilderRootViewController.swift */ = {isa = PBXFileReference; lastKnownFileType = sourcecode.swift; path = UIBuilderRootViewController.swift; sourceTree = "<group>"; };
		1D755C4629C48CDF00ED930C /* NewsTableViewController.swift */ = {isa = PBXFileReference; lastKnownFileType = sourcecode.swift; path = NewsTableViewController.swift; sourceTree = "<group>"; };
		1D755C4829C48D7100ED930C /* NewsViewModel.swift */ = {isa = PBXFileReference; lastKnownFileType = sourcecode.swift; path = NewsViewModel.swift; sourceTree = "<group>"; };
		1D755C4D29C4918500ED930C /* ProfileStoryboard.storyboard */ = {isa = PBXFileReference; lastKnownFileType = file.storyboard; path = ProfileStoryboard.storyboard; sourceTree = "<group>"; };
		5B27DCC73F11DFB679F5DBA4 /* Pods-LogInApp.release.xcconfig */ = {isa = PBXFileReference; includeInIndex = 1; lastKnownFileType = text.xcconfig; name = "Pods-LogInApp.release.xcconfig"; path = "Target Support Files/Pods-LogInApp/Pods-LogInApp.release.xcconfig"; sourceTree = "<group>"; };
		8FE8420E21FE53CEF083E46F /* Pods-LogInApp.debug.xcconfig */ = {isa = PBXFileReference; includeInIndex = 1; lastKnownFileType = text.xcconfig; name = "Pods-LogInApp.debug.xcconfig"; path = "Target Support Files/Pods-LogInApp/Pods-LogInApp.debug.xcconfig"; sourceTree = "<group>"; };
		EFA35DC4225F703F27D93ABF /* Pods_LogInApp.framework */ = {isa = PBXFileReference; explicitFileType = wrapper.framework; includeInIndex = 0; path = Pods_LogInApp.framework; sourceTree = BUILT_PRODUCTS_DIR; };
/* End PBXFileReference section */

/* Begin PBXFrameworksBuildPhase section */
		1D755C1D29C4828E00ED930C /* Frameworks */ = {
			isa = PBXFrameworksBuildPhase;
			buildActionMask = 2147483647;
			files = (
				ED7B7CD93AD551E231079DF5 /* Pods_LogInApp.framework in Frameworks */,
			);
			runOnlyForDeploymentPostprocessing = 0;
		};
/* End PBXFrameworksBuildPhase section */

/* Begin PBXGroup section */
		18FE87066494E5BA391D5428 /* Frameworks */ = {
			isa = PBXGroup;
			children = (
				EFA35DC4225F703F27D93ABF /* Pods_LogInApp.framework */,
			);
			name = Frameworks;
			sourceTree = "<group>";
		};
		1D2F5CC729C4A77F00FD01B7 /* LoginScreen */ = {
			isa = PBXGroup;
			children = (
				1D2F5CC829C4A7CD00FD01B7 /* LoginViewController.swift */,
				1D2F5CCC29C4EFE400FD01B7 /* LoginViewModel.swift */,
			);
			path = LoginScreen;
			sourceTree = "<group>";
		};
		1D755C1729C4828E00ED930C = {
			isa = PBXGroup;
			children = (
				1D755C3929C4833E00ED930C /* Sources */,
				1D755C3829C4832000ED930C /* Resources */,
				1D755C2129C4828E00ED930C /* Products */,
				9C2051178E29706FCEA987A2 /* Pods */,
				18FE87066494E5BA391D5428 /* Frameworks */,
			);
			sourceTree = "<group>";
		};
		1D755C2129C4828E00ED930C /* Products */ = {
			isa = PBXGroup;
			children = (
				1D755C2029C4828E00ED930C /* LogInApp.app */,
			);
			name = Products;
			sourceTree = "<group>";
		};
		1D755C3729C4830B00ED930C /* App */ = {
			isa = PBXGroup;
			children = (
				1D755C2329C4828E00ED930C /* AppDelegate.swift */,
				1D755C2529C4828E00ED930C /* SceneDelegate.swift */,
			);
			path = App;
			sourceTree = "<group>";
		};
		1D755C3829C4832000ED930C /* Resources */ = {
			isa = PBXGroup;
			children = (
				1D755C5329C4971800ED930C /* Nibs */,
				1D755C2C29C4829000ED930C /* Assets.xcassets */,
				1D755C2E29C4829000ED930C /* LaunchScreen.storyboard */,
				1D755C3129C4829000ED930C /* Info.plist */,
			);
			path = Resources;
			sourceTree = "<group>";
		};
		1D755C3929C4833E00ED930C /* Sources */ = {
			isa = PBXGroup;
			children = (
				1D755C3729C4830B00ED930C /* App */,
				1D755C4329C48A7200ED930C /* Common */,
				1D755C3A29C485AC00ED930C /* Services */,
				1D755C4029C4884300ED930C /* Models */,
				1D755C4B29C490B900ED930C /* Features */,
			);
			path = Sources;
			sourceTree = "<group>";
		};
		1D755C3A29C485AC00ED930C /* Services */ = {
			isa = PBXGroup;
			children = (
				1D755C3B29C485B600ED930C /* NetworkService */,
				1D2F5CCA29C4D85D00FD01B7 /* UserLoginService.swift */,
			);
			path = Services;
			sourceTree = "<group>";
		};
		1D755C3B29C485B600ED930C /* NetworkService */ = {
			isa = PBXGroup;
			children = (
				1D755C3C29C485D100ED930C /* ArticlesNetworkService.swift */,
				1D755C3E29C4881900ED930C /* ArticleRequestResponse.swift */,
			);
			path = NetworkService;
			sourceTree = "<group>";
		};
		1D755C4029C4884300ED930C /* Models */ = {
			isa = PBXGroup;
			children = (
				1D755C4129C4885600ED930C /* NewsModel.swift */,
			);
			path = Models;
			sourceTree = "<group>";
		};
		1D755C4329C48A7200ED930C /* Common */ = {
			isa = PBXGroup;
			children = (
				1D755C4429C48A8600ED930C /* UIBuilderRootViewController.swift */,
			);
			path = Common;
			sourceTree = "<group>";
		};
		1D755C4A29C48DDE00ED930C /* NewsTable */ = {
			isa = PBXGroup;
			children = (
				1D755C4629C48CDF00ED930C /* NewsTableViewController.swift */,
				1D755C4829C48D7100ED930C /* NewsViewModel.swift */,
				1D755C2929C4828E00ED930C /* NewsStoryboard.storyboard */,
			);
			path = NewsTable;
			sourceTree = "<group>";
		};
		1D755C4B29C490B900ED930C /* Features */ = {
			isa = PBXGroup;
			children = (
				1D2F5CC729C4A77F00FD01B7 /* LoginScreen */,
				1D755C4A29C48DDE00ED930C /* NewsTable */,
				1D755C4C29C4911500ED930C /* ProfileScreen */,
			);
			path = Features;
			sourceTree = "<group>";
		};
		1D755C4C29C4911500ED930C /* ProfileScreen */ = {
			isa = PBXGroup;
			children = (
				1D755C2729C4828E00ED930C /* ProfileViewController.swift */,
				1D2F5CCE29C51C0700FD01B7 /* ProfileViewModel.swift */,
				1D755C4D29C4918500ED930C /* ProfileStoryboard.storyboard */,
			);
			path = ProfileScreen;
			sourceTree = "<group>";
		};
		1D755C5329C4971800ED930C /* Nibs */ = {
			isa = PBXGroup;
			children = (
				1D2F5CC129C4983700FD01B7 /* NewsTableViewCell.swift */,
				1D2F5CC229C4983700FD01B7 /* NewsTableViewCell.xib */,
				1D2F5CC529C4997100FD01B7 /* LoadingTableViewCell.xib */,
			);
			path = Nibs;
			sourceTree = "<group>";
		};
		9C2051178E29706FCEA987A2 /* Pods */ = {
			isa = PBXGroup;
			children = (
				8FE8420E21FE53CEF083E46F /* Pods-LogInApp.debug.xcconfig */,
				5B27DCC73F11DFB679F5DBA4 /* Pods-LogInApp.release.xcconfig */,
			);
			path = Pods;
			sourceTree = "<group>";
		};
/* End PBXGroup section */

/* Begin PBXNativeTarget section */
		1D755C1F29C4828E00ED930C /* LogInApp */ = {
			isa = PBXNativeTarget;
			buildConfigurationList = 1D755C3429C4829000ED930C /* Build configuration list for PBXNativeTarget "LogInApp" */;
			buildPhases = (
				2EF1A03E4CBCE00A4E450DB8 /* [CP] Check Pods Manifest.lock */,
				1D755C1C29C4828E00ED930C /* Sources */,
				1D755C1D29C4828E00ED930C /* Frameworks */,
				1D755C1E29C4828E00ED930C /* Resources */,
				CA13102185287C0672C84E70 /* [CP] Embed Pods Frameworks */,
			);
			buildRules = (
			);
			dependencies = (
			);
			name = LogInApp;
			productName = LogInApp;
			productReference = 1D755C2029C4828E00ED930C /* LogInApp.app */;
			productType = "com.apple.product-type.application";
		};
/* End PBXNativeTarget section */

/* Begin PBXProject section */
		1D755C1829C4828E00ED930C /* Project object */ = {
			isa = PBXProject;
			attributes = {
				BuildIndependentTargetsInParallel = 1;
				LastSwiftUpdateCheck = 1420;
				LastUpgradeCheck = 1420;
				TargetAttributes = {
					1D755C1F29C4828E00ED930C = {
						CreatedOnToolsVersion = 14.2;
					};
				};
			};
			buildConfigurationList = 1D755C1B29C4828E00ED930C /* Build configuration list for PBXProject "LogInApp" */;
			compatibilityVersion = "Xcode 14.0";
			developmentRegion = en;
			hasScannedForEncodings = 0;
			knownRegions = (
				en,
				Base,
			);
			mainGroup = 1D755C1729C4828E00ED930C;
			productRefGroup = 1D755C2129C4828E00ED930C /* Products */;
			projectDirPath = "";
			projectRoot = "";
			targets = (
				1D755C1F29C4828E00ED930C /* LogInApp */,
			);
		};
/* End PBXProject section */

/* Begin PBXResourcesBuildPhase section */
		1D755C1E29C4828E00ED930C /* Resources */ = {
			isa = PBXResourcesBuildPhase;
			buildActionMask = 2147483647;
			files = (
				1D2F5CC629C4997100FD01B7 /* LoadingTableViewCell.xib in Resources */,
				1D2F5CC429C4983700FD01B7 /* NewsTableViewCell.xib in Resources */,
				1D755C4E29C4918500ED930C /* ProfileStoryboard.storyboard in Resources */,
				1D755C3029C4829000ED930C /* LaunchScreen.storyboard in Resources */,
				1D755C2D29C4829000ED930C /* Assets.xcassets in Resources */,
				1D755C2B29C4828E00ED930C /* NewsStoryboard.storyboard in Resources */,
			);
			runOnlyForDeploymentPostprocessing = 0;
		};
/* End PBXResourcesBuildPhase section */

/* Begin PBXShellScriptBuildPhase section */
		2EF1A03E4CBCE00A4E450DB8 /* [CP] Check Pods Manifest.lock */ = {
			isa = PBXShellScriptBuildPhase;
			buildActionMask = 2147483647;
			files = (
			);
			inputFileListPaths = (
			);
			inputPaths = (
				"${PODS_PODFILE_DIR_PATH}/Podfile.lock",
				"${PODS_ROOT}/Manifest.lock",
			);
			name = "[CP] Check Pods Manifest.lock";
			outputFileListPaths = (
			);
			outputPaths = (
				"$(DERIVED_FILE_DIR)/Pods-LogInApp-checkManifestLockResult.txt",
			);
			runOnlyForDeploymentPostprocessing = 0;
			shellPath = /bin/sh;
			shellScript = "diff \"${PODS_PODFILE_DIR_PATH}/Podfile.lock\" \"${PODS_ROOT}/Manifest.lock\" > /dev/null\nif [ $? != 0 ] ; then\n    # print error to STDERR\n    echo \"error: The sandbox is not in sync with the Podfile.lock. Run 'pod install' or update your CocoaPods installation.\" >&2\n    exit 1\nfi\n# This output is used by Xcode 'outputs' to avoid re-running this script phase.\necho \"SUCCESS\" > \"${SCRIPT_OUTPUT_FILE_0}\"\n";
			showEnvVarsInLog = 0;
		};
		CA13102185287C0672C84E70 /* [CP] Embed Pods Frameworks */ = {
			isa = PBXShellScriptBuildPhase;
			buildActionMask = 2147483647;
			files = (
			);
			inputFileListPaths = (
				"${PODS_ROOT}/Target Support Files/Pods-LogInApp/Pods-LogInApp-frameworks-${CONFIGURATION}-input-files.xcfilelist",
			);
			name = "[CP] Embed Pods Frameworks";
			outputFileListPaths = (
				"${PODS_ROOT}/Target Support Files/Pods-LogInApp/Pods-LogInApp-frameworks-${CONFIGURATION}-output-files.xcfilelist",
			);
			runOnlyForDeploymentPostprocessing = 0;
			shellPath = /bin/sh;
			shellScript = "\"${PODS_ROOT}/Target Support Files/Pods-LogInApp/Pods-LogInApp-frameworks.sh\"\n";
			showEnvVarsInLog = 0;
		};
/* End PBXShellScriptBuildPhase section */

/* Begin PBXSourcesBuildPhase section */
		1D755C1C29C4828E00ED930C /* Sources */ = {
			isa = PBXSourcesBuildPhase;
			buildActionMask = 2147483647;
			files = (
				1D2F5CC329C4983700FD01B7 /* NewsTableViewCell.swift in Sources */,
				1D755C2829C4828E00ED930C /* ProfileViewController.swift in Sources */,
				1D755C2429C4828E00ED930C /* AppDelegate.swift in Sources */,
				1D755C3F29C4881900ED930C /* ArticleRequestResponse.swift in Sources */,
				1D755C4529C48A8600ED930C /* UIBuilderRootViewController.swift in Sources */,
				1D755C3D29C485D100ED930C /* ArticlesNetworkService.swift in Sources */,
				1D2F5CCF29C51C0700FD01B7 /* ProfileViewModel.swift in Sources */,
				1D755C4929C48D7100ED930C /* NewsViewModel.swift in Sources */,
				1D755C4229C4885600ED930C /* NewsModel.swift in Sources */,
				1D2F5CCD29C4EFE400FD01B7 /* LoginViewModel.swift in Sources */,
				1D755C4729C48CDF00ED930C /* NewsTableViewController.swift in Sources */,
				1D755C2629C4828E00ED930C /* SceneDelegate.swift in Sources */,
				1D2F5CCB29C4D85D00FD01B7 /* UserLoginService.swift in Sources */,
				1D2F5CC929C4A7CD00FD01B7 /* LoginViewController.swift in Sources */,
			);
			runOnlyForDeploymentPostprocessing = 0;
		};
/* End PBXSourcesBuildPhase section */

/* Begin PBXVariantGroup section */
		1D755C2929C4828E00ED930C /* NewsStoryboard.storyboard */ = {
			isa = PBXVariantGroup;
			children = (
				1D755C2A29C4828E00ED930C /* Base */,
			);
			name = NewsStoryboard.storyboard;
			sourceTree = "<group>";
		};
		1D755C2E29C4829000ED930C /* LaunchScreen.storyboard */ = {
			isa = PBXVariantGroup;
			children = (
				1D755C2F29C4829000ED930C /* Base */,
			);
			name = LaunchScreen.storyboard;
			sourceTree = "<group>";
		};
/* End PBXVariantGroup section */

/* Begin XCBuildConfiguration section */
		1D755C3229C4829000ED930C /* Debug */ = {
			isa = XCBuildConfiguration;
			buildSettings = {
				ALWAYS_SEARCH_USER_PATHS = NO;
				CLANG_ANALYZER_NONNULL = YES;
				CLANG_ANALYZER_NUMBER_OBJECT_CONVERSION = YES_AGGRESSIVE;
				CLANG_CXX_LANGUAGE_STANDARD = "gnu++20";
				CLANG_ENABLE_MODULES = YES;
				CLANG_ENABLE_OBJC_ARC = YES;
				CLANG_ENABLE_OBJC_WEAK = YES;
				CLANG_WARN_BLOCK_CAPTURE_AUTORELEASING = YES;
				CLANG_WARN_BOOL_CONVERSION = YES;
				CLANG_WARN_COMMA = YES;
				CLANG_WARN_CONSTANT_CONVERSION = YES;
				CLANG_WARN_DEPRECATED_OBJC_IMPLEMENTATIONS = YES;
				CLANG_WARN_DIRECT_OBJC_ISA_USAGE = YES_ERROR;
				CLANG_WARN_DOCUMENTATION_COMMENTS = YES;
				CLANG_WARN_EMPTY_BODY = YES;
				CLANG_WARN_ENUM_CONVERSION = YES;
				CLANG_WARN_INFINITE_RECURSION = YES;
				CLANG_WARN_INT_CONVERSION = YES;
				CLANG_WARN_NON_LITERAL_NULL_CONVERSION = YES;
				CLANG_WARN_OBJC_IMPLICIT_RETAIN_SELF = YES;
				CLANG_WARN_OBJC_LITERAL_CONVERSION = YES;
				CLANG_WARN_OBJC_ROOT_CLASS = YES_ERROR;
				CLANG_WARN_QUOTED_INCLUDE_IN_FRAMEWORK_HEADER = YES;
				CLANG_WARN_RANGE_LOOP_ANALYSIS = YES;
				CLANG_WARN_STRICT_PROTOTYPES = YES;
				CLANG_WARN_SUSPICIOUS_MOVE = YES;
				CLANG_WARN_UNGUARDED_AVAILABILITY = YES_AGGRESSIVE;
				CLANG_WARN_UNREACHABLE_CODE = YES;
				CLANG_WARN__DUPLICATE_METHOD_MATCH = YES;
				COPY_PHASE_STRIP = NO;
				DEBUG_INFORMATION_FORMAT = dwarf;
				ENABLE_STRICT_OBJC_MSGSEND = YES;
				ENABLE_TESTABILITY = YES;
				GCC_C_LANGUAGE_STANDARD = gnu11;
				GCC_DYNAMIC_NO_PIC = NO;
				GCC_NO_COMMON_BLOCKS = YES;
				GCC_OPTIMIZATION_LEVEL = 0;
				GCC_PREPROCESSOR_DEFINITIONS = (
					"DEBUG=1",
					"$(inherited)",
				);
				GCC_WARN_64_TO_32_BIT_CONVERSION = YES;
				GCC_WARN_ABOUT_RETURN_TYPE = YES_ERROR;
				GCC_WARN_UNDECLARED_SELECTOR = YES;
				GCC_WARN_UNINITIALIZED_AUTOS = YES_AGGRESSIVE;
				GCC_WARN_UNUSED_FUNCTION = YES;
				GCC_WARN_UNUSED_VARIABLE = YES;
				IPHONEOS_DEPLOYMENT_TARGET = 16.2;
				MTL_ENABLE_DEBUG_INFO = INCLUDE_SOURCE;
				MTL_FAST_MATH = YES;
				ONLY_ACTIVE_ARCH = YES;
				SDKROOT = iphoneos;
				SWIFT_ACTIVE_COMPILATION_CONDITIONS = DEBUG;
				SWIFT_OPTIMIZATION_LEVEL = "-Onone";
			};
			name = Debug;
		};
		1D755C3329C4829000ED930C /* Release */ = {
			isa = XCBuildConfiguration;
			buildSettings = {
				ALWAYS_SEARCH_USER_PATHS = NO;
				CLANG_ANALYZER_NONNULL = YES;
				CLANG_ANALYZER_NUMBER_OBJECT_CONVERSION = YES_AGGRESSIVE;
				CLANG_CXX_LANGUAGE_STANDARD = "gnu++20";
				CLANG_ENABLE_MODULES = YES;
				CLANG_ENABLE_OBJC_ARC = YES;
				CLANG_ENABLE_OBJC_WEAK = YES;
				CLANG_WARN_BLOCK_CAPTURE_AUTORELEASING = YES;
				CLANG_WARN_BOOL_CONVERSION = YES;
				CLANG_WARN_COMMA = YES;
				CLANG_WARN_CONSTANT_CONVERSION = YES;
				CLANG_WARN_DEPRECATED_OBJC_IMPLEMENTATIONS = YES;
				CLANG_WARN_DIRECT_OBJC_ISA_USAGE = YES_ERROR;
				CLANG_WARN_DOCUMENTATION_COMMENTS = YES;
				CLANG_WARN_EMPTY_BODY = YES;
				CLANG_WARN_ENUM_CONVERSION = YES;
				CLANG_WARN_INFINITE_RECURSION = YES;
				CLANG_WARN_INT_CONVERSION = YES;
				CLANG_WARN_NON_LITERAL_NULL_CONVERSION = YES;
				CLANG_WARN_OBJC_IMPLICIT_RETAIN_SELF = YES;
				CLANG_WARN_OBJC_LITERAL_CONVERSION = YES;
				CLANG_WARN_OBJC_ROOT_CLASS = YES_ERROR;
				CLANG_WARN_QUOTED_INCLUDE_IN_FRAMEWORK_HEADER = YES;
				CLANG_WARN_RANGE_LOOP_ANALYSIS = YES;
				CLANG_WARN_STRICT_PROTOTYPES = YES;
				CLANG_WARN_SUSPICIOUS_MOVE = YES;
				CLANG_WARN_UNGUARDED_AVAILABILITY = YES_AGGRESSIVE;
				CLANG_WARN_UNREACHABLE_CODE = YES;
				CLANG_WARN__DUPLICATE_METHOD_MATCH = YES;
				COPY_PHASE_STRIP = NO;
				DEBUG_INFORMATION_FORMAT = "dwarf-with-dsym";
				ENABLE_NS_ASSERTIONS = NO;
				ENABLE_STRICT_OBJC_MSGSEND = YES;
				GCC_C_LANGUAGE_STANDARD = gnu11;
				GCC_NO_COMMON_BLOCKS = YES;
				GCC_WARN_64_TO_32_BIT_CONVERSION = YES;
				GCC_WARN_ABOUT_RETURN_TYPE = YES_ERROR;
				GCC_WARN_UNDECLARED_SELECTOR = YES;
				GCC_WARN_UNINITIALIZED_AUTOS = YES_AGGRESSIVE;
				GCC_WARN_UNUSED_FUNCTION = YES;
				GCC_WARN_UNUSED_VARIABLE = YES;
				IPHONEOS_DEPLOYMENT_TARGET = 16.2;
				MTL_ENABLE_DEBUG_INFO = NO;
				MTL_FAST_MATH = YES;
				SDKROOT = iphoneos;
				SWIFT_COMPILATION_MODE = wholemodule;
				SWIFT_OPTIMIZATION_LEVEL = "-O";
				VALIDATE_PRODUCT = YES;
			};
			name = Release;
		};
		1D755C3529C4829000ED930C /* Debug */ = {
			isa = XCBuildConfiguration;
			baseConfigurationReference = 8FE8420E21FE53CEF083E46F /* Pods-LogInApp.debug.xcconfig */;
			buildSettings = {
				ASSETCATALOG_COMPILER_APPICON_NAME = AppIcon;
				ASSETCATALOG_COMPILER_GLOBAL_ACCENT_COLOR_NAME = AccentColor;
				CODE_SIGN_STYLE = Automatic;
				CURRENT_PROJECT_VERSION = 1;
				DEVELOPMENT_TEAM = CHL34W9FC3;
				GENERATE_INFOPLIST_FILE = YES;
				INFOPLIST_FILE = Resources/Info.plist;
				INFOPLIST_KEY_UIApplicationSupportsIndirectInputEvents = YES;
				INFOPLIST_KEY_UILaunchStoryboardName = LaunchScreen;
				INFOPLIST_KEY_UIMainStoryboardFile = NewsStoryboard;
				INFOPLIST_KEY_UISupportedInterfaceOrientations_iPad = "UIInterfaceOrientationPortrait UIInterfaceOrientationPortraitUpsideDown UIInterfaceOrientationLandscapeLeft UIInterfaceOrientationLandscapeRight";
				INFOPLIST_KEY_UISupportedInterfaceOrientations_iPhone = "UIInterfaceOrientationPortrait UIInterfaceOrientationLandscapeLeft UIInterfaceOrientationLandscapeRight";
				LD_RUNPATH_SEARCH_PATHS = (
					"$(inherited)",
					"@executable_path/Frameworks",
				);
				MARKETING_VERSION = 1.0;
				PRODUCT_BUNDLE_IDENTIFIER = hello.LogInApp;
				PRODUCT_NAME = "$(TARGET_NAME)";
				SUPPORTED_PLATFORMS = "iphoneos iphonesimulator";
				SUPPORTS_MACCATALYST = NO;
				SUPPORTS_MAC_DESIGNED_FOR_IPHONE_IPAD = NO;
				SWIFT_EMIT_LOC_STRINGS = YES;
				SWIFT_VERSION = 5.0;
				TARGETED_DEVICE_FAMILY = 1;
			};
			name = Debug;
		};
		1D755C3629C4829000ED930C /* Release */ = {
			isa = XCBuildConfiguration;
			baseConfigurationReference = 5B27DCC73F11DFB679F5DBA4 /* Pods-LogInApp.release.xcconfig */;
			buildSettings = {
				ASSETCATALOG_COMPILER_APPICON_NAME = AppIcon;
				ASSETCATALOG_COMPILER_GLOBAL_ACCENT_COLOR_NAME = AccentColor;
				CODE_SIGN_STYLE = Automatic;
				CURRENT_PROJECT_VERSION = 1;
				DEVELOPMENT_TEAM = CHL34W9FC3;
				GENERATE_INFOPLIST_FILE = YES;
				INFOPLIST_FILE = Resources/Info.plist;
				INFOPLIST_KEY_UIApplicationSupportsIndirectInputEvents = YES;
				INFOPLIST_KEY_UILaunchStoryboardName = LaunchScreen;
				INFOPLIST_KEY_UIMainStoryboardFile = NewsStoryboard;
				INFOPLIST_KEY_UISupportedInterfaceOrientations_iPad = "UIInterfaceOrientationPortrait UIInterfaceOrientationPortraitUpsideDown UIInterfaceOrientationLandscapeLeft UIInterfaceOrientationLandscapeRight";
				INFOPLIST_KEY_UISupportedInterfaceOrientations_iPhone = "UIInterfaceOrientationPortrait UIInterfaceOrientationLandscapeLeft UIInterfaceOrientationLandscapeRight";
				LD_RUNPATH_SEARCH_PATHS = (
					"$(inherited)",
					"@executable_path/Frameworks",
				);
				MARKETING_VERSION = 1.0;
				PRODUCT_BUNDLE_IDENTIFIER = hello.LogInApp;
				PRODUCT_NAME = "$(TARGET_NAME)";
				SUPPORTED_PLATFORMS = "iphoneos iphonesimulator";
				SUPPORTS_MACCATALYST = NO;
				SUPPORTS_MAC_DESIGNED_FOR_IPHONE_IPAD = NO;
				SWIFT_EMIT_LOC_STRINGS = YES;
				SWIFT_VERSION = 5.0;
				TARGETED_DEVICE_FAMILY = 1;
			};
			name = Release;
		};
/* End XCBuildConfiguration section */

/* Begin XCConfigurationList section */
		1D755C1B29C4828E00ED930C /* Build configuration list for PBXProject "LogInApp" */ = {
			isa = XCConfigurationList;
			buildConfigurations = (
				1D755C3229C4829000ED930C /* Debug */,
				1D755C3329C4829000ED930C /* Release */,
			);
			defaultConfigurationIsVisible = 0;
			defaultConfigurationName = Release;
		};
		1D755C3429C4829000ED930C /* Build configuration list for PBXNativeTarget "LogInApp" */ = {
			isa = XCConfigurationList;
			buildConfigurations = (
				1D755C3529C4829000ED930C /* Debug */,
				1D755C3629C4829000ED930C /* Release */,
			);
			defaultConfigurationIsVisible = 0;
			defaultConfigurationName = Release;
		};
/* End XCConfigurationList section */
	};
	rootObject = 1D755C1829C4828E00ED930C /* Project object */;
}
